
Microsoft Visual Studio Solution File, Format Version 12.00
# Visual Studio Version 17
VisualStudioVersion = 17.6.33717.318
MinimumVisualStudioVersion = 10.0.40219.1
Project("{9A19103F-16F7-4668-BE54-9A1E7A4F7556}") = "SmartHomeAPI", "SmartHome.Presentation\SmartHomeAPI.csproj", "{97691984-BCD8-4386-A9AF-603BFD290D55}"
EndProject
Project("{9A19103F-16F7-4668-BE54-9A1E7A4F7556}") = "Application", "Smarthome.Application\Application.csproj", "{C9961A6B-E5D5-4D7C-839C-75CA5AABBBE8}"
EndProject
Project("{9A19103F-16F7-4668-BE54-9A1E7A4F7556}") = "Infrastructure", "Smarthome.Infrastructure\Infrastructure.csproj", "{C733B9E1-6DB2-4143-BB22-E0C3C10E5A7F}"
EndProject
Project("{9A19103F-16F7-4668-BE54-9A1E7A4F7556}") = "Domain", "Smarthome.Domain\Domain.csproj", "{97909D5F-288C-496B-B5EF-C16DACF6545E}"
EndProject
Project("{2150E333-8FDC-42A3-9474-1A3956D46DE8}") = "Tests", "Tests", "{800D9D42-D442-4F13-A552-541E5991B3FA}"
EndProject
Project("{9A19103F-16F7-4668-BE54-9A1E7A4F7556}") = "Infrastructure.Tests", "Infrastructure.Tests\Infrastructure.Tests.csproj", "{B6D141BF-5AAA-4671-A2A0-ADF521CBD1B8}"
EndProject
Project("{9A19103F-16F7-4668-BE54-9A1E7A4F7556}") = "Domain.Tests", "Domain.Tests\Domain.Tests.csproj", "{9DC7302B-11FB-4747-A22F-C9EB2C950C5D}"
EndProject
Project("{9A19103F-16F7-4668-BE54-9A1E7A4F7556}") = "Application.Tests", "Application.Tests\Application.Tests.csproj", "{E7A29746-EA27-4650-872B-F3946518F730}"
EndProject
Project("{9A19103F-16F7-4668-BE54-9A1E7A4F7556}") = "Presentation.Tests", "Presentation.Tests\Presentation.Tests.csproj", "{19474F49-024A-4623-87B7-88B73142180B}"
EndProject
Global
	GlobalSection(SolutionConfigurationPlatforms) = preSolution
		Debug|Any CPU = Debug|Any CPU
		Release|Any CPU = Release|Any CPU
	EndGlobalSection
	GlobalSection(ProjectConfigurationPlatforms) = postSolution
		{97691984-BCD8-4386-A9AF-603BFD290D55}.Debug|Any CPU.ActiveCfg = Debug|Any CPU
		{97691984-BCD8-4386-A9AF-603BFD290D55}.Debug|Any CPU.Build.0 = Debug|Any CPU
		{97691984-BCD8-4386-A9AF-603BFD290D55}.Release|Any CPU.ActiveCfg = Release|Any CPU
		{97691984-BCD8-4386-A9AF-603BFD290D55}.Release|Any CPU.Build.0 = Release|Any CPU
		{C9961A6B-E5D5-4D7C-839C-75CA5AABBBE8}.Debug|Any CPU.ActiveCfg = Debug|Any CPU
		{C9961A6B-E5D5-4D7C-839C-75CA5AABBBE8}.Debug|Any CPU.Build.0 = Debug|Any CPU
		{C9961A6B-E5D5-4D7C-839C-75CA5AABBBE8}.Release|Any CPU.ActiveCfg = Release|Any CPU
		{C9961A6B-E5D5-4D7C-839C-75CA5AABBBE8}.Release|Any CPU.Build.0 = Release|Any CPU
		{C733B9E1-6DB2-4143-BB22-E0C3C10E5A7F}.Debug|Any CPU.ActiveCfg = Debug|Any CPU
		{C733B9E1-6DB2-4143-BB22-E0C3C10E5A7F}.Debug|Any CPU.Build.0 = Debug|Any CPU
		{C733B9E1-6DB2-4143-BB22-E0C3C10E5A7F}.Release|Any CPU.ActiveCfg = Release|Any CPU
		{C733B9E1-6DB2-4143-BB22-E0C3C10E5A7F}.Release|Any CPU.Build.0 = Release|Any CPU
		{97909D5F-288C-496B-B5EF-C16DACF6545E}.Debug|Any CPU.ActiveCfg = Debug|Any CPU
		{97909D5F-288C-496B-B5EF-C16DACF6545E}.Debug|Any CPU.Build.0 = Debug|Any CPU
		{97909D5F-288C-496B-B5EF-C16DACF6545E}.Release|Any CPU.ActiveCfg = Release|Any CPU
		{97909D5F-288C-496B-B5EF-C16DACF6545E}.Release|Any CPU.Build.0 = Release|Any CPU
		{B6D141BF-5AAA-4671-A2A0-ADF521CBD1B8}.Debug|Any CPU.ActiveCfg = Debug|Any CPU
		{B6D141BF-5AAA-4671-A2A0-ADF521CBD1B8}.Debug|Any CPU.Build.0 = Debug|Any CPU
		{B6D141BF-5AAA-4671-A2A0-ADF521CBD1B8}.Release|Any CPU.ActiveCfg = Release|Any CPU
		{B6D141BF-5AAA-4671-A2A0-ADF521CBD1B8}.Release|Any CPU.Build.0 = Release|Any CPU
		{9DC7302B-11FB-4747-A22F-C9EB2C950C5D}.Debug|Any CPU.ActiveCfg = Debug|Any CPU
		{9DC7302B-11FB-4747-A22F-C9EB2C950C5D}.Debug|Any CPU.Build.0 = Debug|Any CPU
		{9DC7302B-11FB-4747-A22F-C9EB2C950C5D}.Release|Any CPU.ActiveCfg = Release|Any CPU
		{9DC7302B-11FB-4747-A22F-C9EB2C950C5D}.Release|Any CPU.Build.0 = Release|Any CPU
		{E7A29746-EA27-4650-872B-F3946518F730}.Debug|Any CPU.ActiveCfg = Debug|Any CPU
		{E7A29746-EA27-4650-872B-F3946518F730}.Debug|Any CPU.Build.0 = Debug|Any CPU
		{E7A29746-EA27-4650-872B-F3946518F730}.Release|Any CPU.ActiveCfg = Release|Any CPU
		{E7A29746-EA27-4650-872B-F3946518F730}.Release|Any CPU.Build.0 = Release|Any CPU
		{19474F49-024A-4623-87B7-88B73142180B}.Debug|Any CPU.ActiveCfg = Debug|Any CPU
		{19474F49-024A-4623-87B7-88B73142180B}.Debug|Any CPU.Build.0 = Debug|Any CPU
		{19474F49-024A-4623-87B7-88B73142180B}.Release|Any CPU.ActiveCfg = Release|Any CPU
		{19474F49-024A-4623-87B7-88B73142180B}.Release|Any CPU.Build.0 = Release|Any CPU
	EndGlobalSection
	GlobalSection(SolutionProperties) = preSolution
		HideSolutionNode = FALSE
	EndGlobalSection
	GlobalSection(NestedProjects) = preSolution
		{B6D141BF-5AAA-4671-A2A0-ADF521CBD1B8} = {800D9D42-D442-4F13-A552-541E5991B3FA}
		{9DC7302B-11FB-4747-A22F-C9EB2C950C5D} = {800D9D42-D442-4F13-A552-541E5991B3FA}
		{E7A29746-EA27-4650-872B-F3946518F730} = {800D9D42-D442-4F13-A552-541E5991B3FA}
		{19474F49-024A-4623-87B7-88B73142180B} = {800D9D42-D442-4F13-A552-541E5991B3FA}
	EndGlobalSection
	GlobalSection(ExtensibilityGlobals) = postSolution
		SolutionGuid = {93BD0F2B-5AEE-4F42-929F-069074E538B4}
	EndGlobalSection
EndGlobal
